<?xml version="1.0" encoding="utf-8"?>
<Project ToolsVersion="4.0" xmlns="http://schemas.microsoft.com/developer/msbuild/2003">
  <ItemGroup>
    <Filter Include="Source Files">
      <UniqueIdentifier>{4FC737F1-C7A5-4376-A066-2A32D752A2FF}</UniqueIdentifier>
      <Extensions>cpp;c;cc;cxx;c++;cppm;ixx;def;odl;idl;hpj;bat;asm;asmx</Extensions>
    </Filter>
    <Filter Include="Header Files">
      <UniqueIdentifier>{93995380-89BD-4b04-88EB-625FBE52EBFB}</UniqueIdentifier>
      <Extensions>h;hh;hpp;hxx;h++;hm;inl;inc;ipp;xsd</Extensions>
    </Filter>
    <Filter Include="Resource Files">
      <UniqueIdentifier>{67DA6AB6-F800-4c08-8B7A-83BB121AAD01}</UniqueIdentifier>
      <Extensions>rc;ico;cur;bmp;dlg;rc2;rct;bin;rgs;gif;jpg;jpeg;jpe;resx;tiff;tif;png;wav;mfcribbon-ms</Extensions>
    </Filter>
  </ItemGroup>
  <ItemGroup>
    <ClCompile Include="Source2.cpp">
      <Filter>Source Files</Filter>
    </ClCompile>
    <ClCompile Include="Server.cpp">
      <Filter>Source Files</Filter>
    </ClCompile>
    <ClCompile Include="BazaDeDate.cpp">
      <Filter>Source Files</Filter>
    </ClCompile>
    <ClCompile Include="IInregistrare.cpp">
      <Filter>Source Files</Filter>
    </ClCompile>
    <ClCompile Include="AInregistrare.cpp">
      <Filter>Source Files</Filter>
    </ClCompile>
    <ClCompile Include="CInregistrare.cpp">
      <Filter>Source Files</Filter>
    </ClCompile>
    <ClCompile Include="Autentificare.cpp">
      <Filter>Source Files</Filter>
    </ClCompile>
    <ClCompile Include="IPersoana.cpp">
      <Filter>Source Files</Filter>
    </ClCompile>
    <ClCompile Include="APersoana.cpp">
      <Filter>Source Files</Filter>
    </ClCompile>
    <ClCompile Include="Manager.cpp">
      <Filter>Source Files</Filter>
    </ClCompile>
    <ClCompile Include="User.cpp">
      <Filter>Source Files</Filter>
    </ClCompile>
    <ClCompile Include="Admin.cpp">
      <Filter>Source Files</Filter>
    </ClCompile>
    <ClCompile Include="IFormular.cpp">
      <Filter>Source Files</Filter>
    </ClCompile>
    <ClCompile Include="AFormular.cpp">
      <Filter>Source Files</Filter>
    </ClCompile>
    <ClCompile Include="CSondaj.cpp">
      <Filter>Source Files</Filter>
    </ClCompile>
    <ClCompile Include="CChestionar.cpp">
      <Filter>Source Files</Filter>
    </ClCompile>
    <ClCompile Include="IDGenerator.cpp">
      <Filter>Source Files</Filter>
    </ClCompile>
    <ClCompile Include="LogareActiuni.cpp">
      <Filter>Source Files</Filter>
    </ClCompile>
    <ClCompile Include="IExceptie.cpp">
      <Filter>Source Files</Filter>
    </ClCompile>
  </ItemGroup>
  <ItemGroup>
    <ClInclude Include="Server.h">
      <Filter>Header Files</Filter>
    </ClInclude>
    <ClInclude Include="BazaDeDate.h">
      <Filter>Header Files</Filter>
    </ClInclude>
    <ClInclude Include="IInregistrare.h">
      <Filter>Header Files</Filter>
    </ClInclude>
    <ClInclude Include="AInregistrare.h">
      <Filter>Header Files</Filter>
    </ClInclude>
    <ClInclude Include="CInregistrare.h">
      <Filter>Header Files</Filter>
    </ClInclude>
    <ClInclude Include="Autentificare.h">
      <Filter>Header Files</Filter>
    </ClInclude>
    <ClInclude Include="IPersoana.h">
      <Filter>Header Files</Filter>
    </ClInclude>
    <ClInclude Include="APersoana.h">
      <Filter>Header Files</Filter>
    </ClInclude>
    <ClInclude Include="Manager.h">
      <Filter>Header Files</Filter>
    </ClInclude>
    <ClInclude Include="User.h">
      <Filter>Header Files</Filter>
    </ClInclude>
    <ClInclude Include="Admin.h">
      <Filter>Header Files</Filter>
    </ClInclude>
    <ClInclude Include="IFormular.h">
      <Filter>Header Files</Filter>
    </ClInclude>
    <ClInclude Include="AFormular.h">
      <Filter>Header Files</Filter>
    </ClInclude>
    <ClInclude Include="CSondaj.h">
      <Filter>Header Files</Filter>
    </ClInclude>
    <ClInclude Include="CChestionar.h">
      <Filter>Header Files</Filter>
    </ClInclude>
    <ClInclude Include="IDGenerator.h">
      <Filter>Header Files</Filter>
    </ClInclude>
    <ClInclude Include="LogareActiuni.h">
      <Filter>Header Files</Filter>
    </ClInclude>
    <ClInclude Include="IExceptie.h">
      <Filter>Header Files</Filter>
    </ClInclude>
  </ItemGroup>
  <ItemGroup>
    <Text Include="admin_password.txt" />
    <Text Include="log.txt">
      <Filter>Source Files</Filter>
    </Text>
  </ItemGroup>
  <ItemGroup>
    <None Include="ClassDiagram.cd" />
  </ItemGroup>
</Project>